{
  "version": "5",
  "specifiers": {
    "jsr:@deno/installer-shell-setup@*": "0.3.4"
  },
  "jsr": {
    "@deno/installer-shell-setup@0.3.4": {
      "integrity": "48665d1a737d487cce6874bc97bba70a5aeffa7053aca3f60df93c6fab8963b4"
    }
  },
  "redirects": {
    "https://esm.sh/@supabase/supabase-js@2": "https://esm.sh/@supabase/supabase-js@2.112.3",
    "https://esm.sh/iceberg-js@^0.8.1?target=denonext": "https://esm.sh/iceberg-js@0.8.1?target=denonext"
  },
  "remote": {
    "https://esm.sh/@supabase/auth-js@2.112.3/denonext/auth-js.mjs": "aef62c72178112ff2d0106d9418d6f40e811a9967a55d9cbf88000ada0525ab7",
    "https://esm.sh/@supabase/functions-js@2.112.3/denonext/functions-js.mjs": "ce408d1254a08ce23746fec5a186f97d1af7b60a8ee3f3d989078953fff64533",
    "https://esm.sh/@supabase/phoenix@0.4.5/denonext/phoenix.mjs": "40bd2a70829cd847848baac58e635bacd83fd62188f6624b44e2c295341004eb",
    "https://esm.sh/@supabase/postgrest-js@2.112.3/denonext/postgrest-js.mjs": "afc43bf63bc66d42d2be9b3620f5ebc6a4cfadb44ed33bb7c6f6f86e351889f8",
    "https://esm.sh/@supabase/realtime-js@2.112.3/denonext/realtime-js.mjs": "6a404d084080a2ccc860b15887f640f7d89b564597b9ac8de8b3211fad93d47d",
    "https://esm.sh/@supabase/storage-js@2.112.3/denonext/storage-js.mjs": "e2073d5010e5e90e34bff604f710f09249de544030605963bb5d04640e22d1a0",
    "https://esm.sh/@supabase/supabase-js@2.112.3": "f6b9130984301066587e8917dfab3b3d60be47dc966bd3d04c733bc9423c1cf9",
    "https://esm.sh/@supabase/supabase-js@2.112.3/denonext/dist/tracingRegistry.mjs": "2e0f9f6da49144408ffdca4af7b92a99bc09f73b7334b11ffd85e47df76d379d",
    "https://esm.sh/@supabase/supabase-js@2.112.3/denonext/supabase-js.mjs": "546d90fcc225da82acc3cd383db2f0a9301ff67b156d3e0638923830804c1d30",
    "https://esm.sh/iceberg-js@0.8.1/denonext/iceberg-js.mjs": "d839d81a2e3966500ca2cdd0c1cb458e9608bacfc91f7bb67a69b2e878dcdb4f",
    "https://esm.sh/iceberg-js@0.8.1?target=denonext": "58c849d7fe2bf4eca4a84eb501e83c161a7d8c34ca1bec15a962b3bec3062633",
    "https://esm.sh/tslib@2.8.1/denonext/tslib.mjs": "c38da5dd6da6281964435002ce204cd586634fe3bdfb24a0ee116f48cf3292e9"
  },
  "workspace": {
    "packageJson": {
      "dependencies": [
        "npm:@supabase/ssr@~0.5.2",
        "npm:@supabase/supabase-js@^2.45.4",
        "npm:@tanstack/react-table@^8.20.5",
        "npm:@types/node@^20.16.5",
        "npm:@types/react-dom@^18.3.0",
        "npm:@types/react@^18.3.8",
        "npm:autoprefixer@^10.4.20",
        "npm:class-variance-authority@0.7",
        "npm:clsx@^2.1.1",
        "npm:date-fns@^4.1.0",
        "npm:eslint-config-next@14.2.13",
        "npm:eslint@^8.57.1",
        "npm:lucide-react@0.446",
        "npm:next-themes@0.3",
        "npm:next@14.2.13",
        "npm:postcss@^8.4.47",
        "npm:react-dom@^18.3.1",
        "npm:react@^18.3.1",
        "npm:recharts@^2.12.7",
        "npm:sonner@^1.5.0",
        "npm:tailwind-merge@^2.5.2",
        "npm:tailwindcss@^3.4.13",
        "npm:typescript@^5.6.2"
      ]
    }
  }
}
